// !$*UTF8*$!
{
	archiveVersion = 1;
	classes = {
	};
	objectVersion = 48;
	objects = {

/* Begin PBXBuildFile section */
		C4762E8320A4BFB000EEFAA9 /* AppDelegate.swift in Sources */ = {isa = PBXBuildFile; fileRef = C4762E8220A4BFB000EEFAA9 /* AppDelegate.swift */; };
		C4762E8520A4BFB000EEFAA9 /* ViewController.swift in Sources */ = {isa = PBXBuildFile; fileRef = C4762E8420A4BFB000EEFAA9 /* ViewController.swift */; };
		C4762E8820A4BFB000EEFAA9 /* Main.storyboard in Resources */ = {isa = PBXBuildFile; fileRef = C4762E8620A4BFB000EEFAA9 /* Main.storyboard */; };
		C4762E8B20A4BFB000EEFAA9 /* BoilerPlate.xcdatamodeld in Sources */ = {isa = PBXBuildFile; fileRef = C4762E8920A4BFB000EEFAA9 /* BoilerPlate.xcdatamodeld */; };
		C4762E8D20A4BFB000EEFAA9 /* Assets.xcassets in Resources */ = {isa = PBXBuildFile; fileRef = C4762E8C20A4BFB000EEFAA9 /* Assets.xcassets */; };
		C4762E9020A4BFB000EEFAA9 /* LaunchScreen.storyboard in Resources */ = {isa = PBXBuildFile; fileRef = C4762E8E20A4BFB000EEFAA9 /* LaunchScreen.storyboard */; };
		C4762E9B20A4BFB000EEFAA9 /* BoilerPlateTests.swift in Sources */ = {isa = PBXBuildFile; fileRef = C4762E9A20A4BFB000EEFAA9 /* BoilerPlateTests.swift */; };
		C4762EA620A4BFB000EEFAA9 /* BoilerPlateUITests.swift in Sources */ = {isa = PBXBuildFile; fileRef = C4762EA520A4BFB000EEFAA9 /* BoilerPlateUITests.swift */; };
		C4762EBD20A4C07900EEFAA9 /* Storyboards.swift in Sources */ = {isa = PBXBuildFile; fileRef = C4762EBC20A4C07900EEFAA9 /* Storyboards.swift */; };
		C4762EBF20A4C0BF00EEFAA9 /* UIViewController+Ext.swift in Sources */ = {isa = PBXBuildFile; fileRef = C4762EBE20A4C0BF00EEFAA9 /* UIViewController+Ext.swift */; };
		C4762EC120A4C22E00EEFAA9 /* NibLoadableView+Ext.swift in Sources */ = {isa = PBXBuildFile; fileRef = C4762EC020A4C22E00EEFAA9 /* NibLoadableView+Ext.swift */; };
		C4762EC320A4C2AF00EEFAA9 /* ReusableViewProtocols.swift in Sources */ = {isa = PBXBuildFile; fileRef = C4762EC220A4C2AF00EEFAA9 /* ReusableViewProtocols.swift */; };
		C4762EC520A4C40F00EEFAA9 /* ReusableView+Ext.swift in Sources */ = {isa = PBXBuildFile; fileRef = C4762EC420A4C40F00EEFAA9 /* ReusableView+Ext.swift */; };
		C4762EC720A4C46100EEFAA9 /* UITableViewCell+Ext.swift in Sources */ = {isa = PBXBuildFile; fileRef = C4762EC620A4C46100EEFAA9 /* UITableViewCell+Ext.swift */; };
		C4762EC920A4C6FF00EEFAA9 /* UITableView+Ext.swift in Sources */ = {isa = PBXBuildFile; fileRef = C4762EC820A4C6FF00EEFAA9 /* UITableView+Ext.swift */; };
		C4762ECB20A4C74600EEFAA9 /* UIColor+Ext.swift in Sources */ = {isa = PBXBuildFile; fileRef = C4762ECA20A4C74600EEFAA9 /* UIColor+Ext.swift */; };
		C4762ECD20A4C76100EEFAA9 /* UIView+Ext.swift in Sources */ = {isa = PBXBuildFile; fileRef = C4762ECC20A4C76100EEFAA9 /* UIView+Ext.swift */; };
		C4762ECF20A4C76800EEFAA9 /* CALayer+Ext.swift in Sources */ = {isa = PBXBuildFile; fileRef = C4762ECE20A4C76800EEFAA9 /* CALayer+Ext.swift */; };
		C4762ED120A4C76F00EEFAA9 /* UICollectionViewCell+Ext.swift in Sources */ = {isa = PBXBuildFile; fileRef = C4762ED020A4C76F00EEFAA9 /* UICollectionViewCell+Ext.swift */; };
		C4762ED320A4C77400EEFAA9 /* UICollectionView+Ext.swift in Sources */ = {isa = PBXBuildFile; fileRef = C4762ED220A4C77400EEFAA9 /* UICollectionView+Ext.swift */; };
		C4762ED520A4C78400EEFAA9 /* UIDevice+Ext.swift in Sources */ = {isa = PBXBuildFile; fileRef = C4762ED420A4C78400EEFAA9 /* UIDevice+Ext.swift */; };
		C4762ED720A4C92400EEFAA9 /* ExampleTableViewController.swift in Sources */ = {isa = PBXBuildFile; fileRef = C4762ED620A4C92400EEFAA9 /* ExampleTableViewController.swift */; };
		C4762EDA20A4C9FF00EEFAA9 /* TableViewCell.xib in Resources */ = {isa = PBXBuildFile; fileRef = C4762ED920A4C9FF00EEFAA9 /* TableViewCell.xib */; };
		C4762EDC20A4CA3200EEFAA9 /* TableViewCell.swift in Sources */ = {isa = PBXBuildFile; fileRef = C4762EDB20A4CA3200EEFAA9 /* TableViewCell.swift */; };
		C4762EDF20A4CCF500EEFAA9 /* BaseViewController.swift in Sources */ = {isa = PBXBuildFile; fileRef = C4762EDE20A4CCF500EEFAA9 /* BaseViewController.swift */; };
		C4762EE120A4CD7000EEFAA9 /* TextFieldScrollableViewController.swift in Sources */ = {isa = PBXBuildFile; fileRef = C4762EE020A4CD6F00EEFAA9 /* TextFieldScrollableViewController.swift */; };
/* End PBXBuildFile section */

/* Begin PBXContainerItemProxy section */
		C4762E9720A4BFB000EEFAA9 /* PBXContainerItemProxy */ = {
			isa = PBXContainerItemProxy;
			containerPortal = C4762E7720A4BFB000EEFAA9 /* Project object */;
			proxyType = 1;
			remoteGlobalIDString = C4762E7E20A4BFB000EEFAA9;
			remoteInfo = BoilerPlate;
		};
		C4762EA220A4BFB000EEFAA9 /* PBXContainerItemProxy */ = {
			isa = PBXContainerItemProxy;
			containerPortal = C4762E7720A4BFB000EEFAA9 /* Project object */;
			proxyType = 1;
			remoteGlobalIDString = C4762E7E20A4BFB000EEFAA9;
			remoteInfo = BoilerPlate;
		};
/* End PBXContainerItemProxy section */

/* Begin PBXFileReference section */
		C4762E7F20A4BFB000EEFAA9 /* BoilerPlate.app */ = {isa = PBXFileReference; explicitFileType = wrapper.application; includeInIndex = 0; path = BoilerPlate.app; sourceTree = BUILT_PRODUCTS_DIR; };
		C4762E8220A4BFB000EEFAA9 /* AppDelegate.swift */ = {isa = PBXFileReference; lastKnownFileType = sourcecode.swift; path = AppDelegate.swift; sourceTree = "<group>"; };
		C4762E8420A4BFB000EEFAA9 /* ViewController.swift */ = {isa = PBXFileReference; lastKnownFileType = sourcecode.swift; path = ViewController.swift; sourceTree = "<group>"; };
		C4762E8720A4BFB000EEFAA9 /* Base */ = {isa = PBXFileReference; lastKnownFileType = file.storyboard; name = Base; path = Base.lproj/Main.storyboard; sourceTree = "<group>"; };
		C4762E8A20A4BFB000EEFAA9 /* BoilerPlate.xcdatamodel */ = {isa = PBXFileReference; lastKnownFileType = wrapper.xcdatamodel; path = BoilerPlate.xcdatamodel; sourceTree = "<group>"; };
		C4762E8C20A4BFB000EEFAA9 /* Assets.xcassets */ = {isa = PBXFileReference; lastKnownFileType = folder.assetcatalog; path = Assets.xcassets; sourceTree = "<group>"; };
		C4762E8F20A4BFB000EEFAA9 /* Base */ = {isa = PBXFileReference; lastKnownFileType = file.storyboard; name = Base; path = Base.lproj/LaunchScreen.storyboard; sourceTree = "<group>"; };
		C4762E9120A4BFB000EEFAA9 /* Info.plist */ = {isa = PBXFileReference; lastKnownFileType = text.plist.xml; path = Info.plist; sourceTree = "<group>"; };
		C4762E9620A4BFB000EEFAA9 /* BoilerPlateTests.xctest */ = {isa = PBXFileReference; explicitFileType = wrapper.cfbundle; includeInIndex = 0; path = BoilerPlateTests.xctest; sourceTree = BUILT_PRODUCTS_DIR; };
		C4762E9A20A4BFB000EEFAA9 /* BoilerPlateTests.swift */ = {isa = PBXFileReference; lastKnownFileType = sourcecode.swift; path = BoilerPlateTests.swift; sourceTree = "<group>"; };
		C4762E9C20A4BFB000EEFAA9 /* Info.plist */ = {isa = PBXFileReference; lastKnownFileType = text.plist.xml; path = Info.plist; sourceTree = "<group>"; };
		C4762EA120A4BFB000EEFAA9 /* BoilerPlateUITests.xctest */ = {isa = PBXFileReference; explicitFileType = wrapper.cfbundle; includeInIndex = 0; path = BoilerPlateUITests.xctest; sourceTree = BUILT_PRODUCTS_DIR; };
		C4762EA520A4BFB000EEFAA9 /* BoilerPlateUITests.swift */ = {isa = PBXFileReference; lastKnownFileType = sourcecode.swift; path = BoilerPlateUITests.swift; sourceTree = "<group>"; };
		C4762EA720A4BFB000EEFAA9 /* Info.plist */ = {isa = PBXFileReference; lastKnownFileType = text.plist.xml; path = Info.plist; sourceTree = "<group>"; };
		C4762EBC20A4C07900EEFAA9 /* Storyboards.swift */ = {isa = PBXFileReference; lastKnownFileType = sourcecode.swift; path = Storyboards.swift; sourceTree = "<group>"; };
		C4762EBE20A4C0BF00EEFAA9 /* UIViewController+Ext.swift */ = {isa = PBXFileReference; lastKnownFileType = sourcecode.swift; path = "UIViewController+Ext.swift"; sourceTree = "<group>"; };
		C4762EC020A4C22E00EEFAA9 /* NibLoadableView+Ext.swift */ = {isa = PBXFileReference; lastKnownFileType = sourcecode.swift; path = "NibLoadableView+Ext.swift"; sourceTree = "<group>"; };
		C4762EC220A4C2AF00EEFAA9 /* ReusableViewProtocols.swift */ = {isa = PBXFileReference; lastKnownFileType = sourcecode.swift; path = ReusableViewProtocols.swift; sourceTree = "<group>"; };
		C4762EC420A4C40F00EEFAA9 /* ReusableView+Ext.swift */ = {isa = PBXFileReference; lastKnownFileType = sourcecode.swift; path = "ReusableView+Ext.swift"; sourceTree = "<group>"; };
		C4762EC620A4C46100EEFAA9 /* UITableViewCell+Ext.swift */ = {isa = PBXFileReference; lastKnownFileType = sourcecode.swift; path = "UITableViewCell+Ext.swift"; sourceTree = "<group>"; };
		C4762EC820A4C6FF00EEFAA9 /* UITableView+Ext.swift */ = {isa = PBXFileReference; lastKnownFileType = sourcecode.swift; path = "UITableView+Ext.swift"; sourceTree = "<group>"; };
		C4762ECA20A4C74600EEFAA9 /* UIColor+Ext.swift */ = {isa = PBXFileReference; fileEncoding = 4; lastKnownFileType = sourcecode.swift; path = "UIColor+Ext.swift"; sourceTree = "<group>"; };
		C4762ECC20A4C76100EEFAA9 /* UIView+Ext.swift */ = {isa = PBXFileReference; fileEncoding = 4; lastKnownFileType = sourcecode.swift; path = "UIView+Ext.swift"; sourceTree = "<group>"; };
		C4762ECE20A4C76800EEFAA9 /* CALayer+Ext.swift */ = {isa = PBXFileReference; fileEncoding = 4; lastKnownFileType = sourcecode.swift; path = "CALayer+Ext.swift"; sourceTree = "<group>"; };
		C4762ED020A4C76F00EEFAA9 /* UICollectionViewCell+Ext.swift */ = {isa = PBXFileReference; fileEncoding = 4; lastKnownFileType = sourcecode.swift; path = "UICollectionViewCell+Ext.swift"; sourceTree = "<group>"; };
		C4762ED220A4C77400EEFAA9 /* UICollectionView+Ext.swift */ = {isa = PBXFileReference; fileEncoding = 4; lastKnownFileType = sourcecode.swift; path = "UICollectionView+Ext.swift"; sourceTree = "<group>"; };
		C4762ED420A4C78400EEFAA9 /* UIDevice+Ext.swift */ = {isa = PBXFileReference; fileEncoding = 4; lastKnownFileType = sourcecode.swift; path = "UIDevice+Ext.swift"; sourceTree = "<group>"; };
		C4762ED620A4C92400EEFAA9 /* ExampleTableViewController.swift */ = {isa = PBXFileReference; lastKnownFileType = sourcecode.swift; path = ExampleTableViewController.swift; sourceTree = "<group>"; };
		C4762ED920A4C9FF00EEFAA9 /* TableViewCell.xib */ = {isa = PBXFileReference; lastKnownFileType = file.xib; path = TableViewCell.xib; sourceTree = "<group>"; };
		C4762EDB20A4CA3200EEFAA9 /* TableViewCell.swift */ = {isa = PBXFileReference; lastKnownFileType = sourcecode.swift; path = TableViewCell.swift; sourceTree = "<group>"; };
		C4762EDE20A4CCF500EEFAA9 /* BaseViewController.swift */ = {isa = PBXFileReference; lastKnownFileType = sourcecode.swift; path = BaseViewController.swift; sourceTree = "<group>"; };
		C4762EE020A4CD6F00EEFAA9 /* TextFieldScrollableViewController.swift */ = {isa = PBXFileReference; fileEncoding = 4; lastKnownFileType = sourcecode.swift; path = TextFieldScrollableViewController.swift; sourceTree = "<group>"; };
/* End PBXFileReference section */

/* Begin PBXFrameworksBuildPhase section */
		C4762E7C20A4BFB000EEFAA9 /* Frameworks */ = {
			isa = PBXFrameworksBuildPhase;
			buildActionMask = 2147483647;
			files = (
			);
			runOnlyForDeploymentPostprocessing = 0;
		};
		C4762E9320A4BFB000EEFAA9 /* Frameworks */ = {
			isa = PBXFrameworksBuildPhase;
			buildActionMask = 2147483647;
			files = (
			);
			runOnlyForDeploymentPostprocessing = 0;
		};
		C4762E9E20A4BFB000EEFAA9 /* Frameworks */ = {
			isa = PBXFrameworksBuildPhase;
			buildActionMask = 2147483647;
			files = (
			);
			runOnlyForDeploymentPostprocessing = 0;
		};
/* End PBXFrameworksBuildPhase section */

/* Begin PBXGroup section */
		C4762E7620A4BFB000EEFAA9 = {
			isa = PBXGroup;
			children = (
				C4762E8120A4BFB000EEFAA9 /* BoilerPlate */,
				C4762E9920A4BFB000EEFAA9 /* BoilerPlateTests */,
				C4762EA420A4BFB000EEFAA9 /* BoilerPlateUITests */,
				C4762E8020A4BFB000EEFAA9 /* Products */,
			);
			sourceTree = "<group>";
		};
		C4762E8020A4BFB000EEFAA9 /* Products */ = {
			isa = PBXGroup;
			children = (
				C4762E7F20A4BFB000EEFAA9 /* BoilerPlate.app */,
				C4762E9620A4BFB000EEFAA9 /* BoilerPlateTests.xctest */,
				C4762EA120A4BFB000EEFAA9 /* BoilerPlateUITests.xctest */,
			);
			name = Products;
			sourceTree = "<group>";
		};
		C4762E8120A4BFB000EEFAA9 /* BoilerPlate */ = {
			isa = PBXGroup;
			children = (
				C4762ED820A4C9EE00EEFAA9 /* Cells */,
				C4762EBB20A4C05E00EEFAA9 /* Enums */,
				C4762EBA20A4C03600EEFAA9 /* Assets */,
				C4762EB920A4C02300EEFAA9 /* Database */,
				C4762EB820A4C00F00EEFAA9 /* Network */,
				C4762EB720A4BFFA00EEFAA9 /* Protocols */,
				C4762EB320A4BFBE00EEFAA9 /* Extensions */,
				C4762EB620A4BFF100EEFAA9 /* Models */,
				C4762EB520A4BFD700EEFAA9 /* Storyboards */,
				C4762EB420A4BFCD00EEFAA9 /* ViewControllers */,
				C4762E8220A4BFB000EEFAA9 /* AppDelegate.swift */,
				C4762E9120A4BFB000EEFAA9 /* Info.plist */,
			);
			path = BoilerPlate;
			sourceTree = "<group>";
		};
		C4762E9920A4BFB000EEFAA9 /* BoilerPlateTests */ = {
			isa = PBXGroup;
			children = (
				C4762E9A20A4BFB000EEFAA9 /* BoilerPlateTests.swift */,
				C4762E9C20A4BFB000EEFAA9 /* Info.plist */,
			);
			path = BoilerPlateTests;
			sourceTree = "<group>";
		};
		C4762EA420A4BFB000EEFAA9 /* BoilerPlateUITests */ = {
			isa = PBXGroup;
			children = (
				C4762EA520A4BFB000EEFAA9 /* BoilerPlateUITests.swift */,
				C4762EA720A4BFB000EEFAA9 /* Info.plist */,
			);
			path = BoilerPlateUITests;
			sourceTree = "<group>";
		};
		C4762EB320A4BFBE00EEFAA9 /* Extensions */ = {
			isa = PBXGroup;
			children = (
				C4762EBE20A4C0BF00EEFAA9 /* UIViewController+Ext.swift */,
				C4762ECC20A4C76100EEFAA9 /* UIView+Ext.swift */,
				C4762ECE20A4C76800EEFAA9 /* CALayer+Ext.swift */,
				C4762EC020A4C22E00EEFAA9 /* NibLoadableView+Ext.swift */,
				C4762ED420A4C78400EEFAA9 /* UIDevice+Ext.swift */,
				C4762ECA20A4C74600EEFAA9 /* UIColor+Ext.swift */,
				C4762ED220A4C77400EEFAA9 /* UICollectionView+Ext.swift */,
				C4762EC420A4C40F00EEFAA9 /* ReusableView+Ext.swift */,
				C4762ED020A4C76F00EEFAA9 /* UICollectionViewCell+Ext.swift */,
				C4762EC620A4C46100EEFAA9 /* UITableViewCell+Ext.swift */,
				C4762EC820A4C6FF00EEFAA9 /* UITableView+Ext.swift */,
			);
			path = Extensions;
			sourceTree = "<group>";
		};
		C4762EB420A4BFCD00EEFAA9 /* ViewControllers */ = {
			isa = PBXGroup;
			children = (
				C4762EDD20A4CCDC00EEFAA9 /* BaseControllers */,
				C4762E8420A4BFB000EEFAA9 /* ViewController.swift */,
				C4762ED620A4C92400EEFAA9 /* ExampleTableViewController.swift */,
			);
			path = ViewControllers;
			sourceTree = "<group>";
		};
		C4762EB520A4BFD700EEFAA9 /* Storyboards */ = {
			isa = PBXGroup;
			children = (
				C4762E8620A4BFB000EEFAA9 /* Main.storyboard */,
			);
			path = Storyboards;
			sourceTree = "<group>";
		};
		C4762EB620A4BFF100EEFAA9 /* Models */ = {
			isa = PBXGroup;
			children = (
			);
			path = Models;
			sourceTree = "<group>";
		};
		C4762EB720A4BFFA00EEFAA9 /* Protocols */ = {
			isa = PBXGroup;
			children = (
				C4762EC220A4C2AF00EEFAA9 /* ReusableViewProtocols.swift */,
			);
			path = Protocols;
			sourceTree = "<group>";
		};
		C4762EB820A4C00F00EEFAA9 /* Network */ = {
			isa = PBXGroup;
			children = (
			);
			path = Network;
			sourceTree = "<group>";
		};
		C4762EB920A4C02300EEFAA9 /* Database */ = {
			isa = PBXGroup;
			children = (
				C4762E8920A4BFB000EEFAA9 /* BoilerPlate.xcdatamodeld */,
			);
			path = Database;
			sourceTree = "<group>";
		};
		C4762EBA20A4C03600EEFAA9 /* Assets */ = {
			isa = PBXGroup;
			children = (
				C4762E8E20A4BFB000EEFAA9 /* LaunchScreen.storyboard */,
				C4762E8C20A4BFB000EEFAA9 /* Assets.xcassets */,
			);
			path = Assets;
			sourceTree = "<group>";
		};
		C4762EBB20A4C05E00EEFAA9 /* Enums */ = {
			isa = PBXGroup;
			children = (
				C4762EBC20A4C07900EEFAA9 /* Storyboards.swift */,
			);
			path = Enums;
			sourceTree = "<group>";
		};
		C4762ED820A4C9EE00EEFAA9 /* Cells */ = {
			isa = PBXGroup;
			children = (
				C4762ED920A4C9FF00EEFAA9 /* TableViewCell.xib */,
				C4762EDB20A4CA3200EEFAA9 /* TableViewCell.swift */,
			);
			path = Cells;
			sourceTree = "<group>";
		};
		C4762EDD20A4CCDC00EEFAA9 /* BaseControllers */ = {
			isa = PBXGroup;
			children = (
				C4762EE020A4CD6F00EEFAA9 /* TextFieldScrollableViewController.swift */,
				C4762EDE20A4CCF500EEFAA9 /* BaseViewController.swift */,
			);
			path = BaseControllers;
			sourceTree = "<group>";
		};
/* End PBXGroup section */

/* Begin PBXNativeTarget section */
		C4762E7E20A4BFB000EEFAA9 /* BoilerPlate */ = {
			isa = PBXNativeTarget;
			buildConfigurationList = C4762EAA20A4BFB000EEFAA9 /* Build configuration list for PBXNativeTarget "BoilerPlate" */;
			buildPhases = (
				C4762E7B20A4BFB000EEFAA9 /* Sources */,
				C4762E7C20A4BFB000EEFAA9 /* Frameworks */,
				C4762E7D20A4BFB000EEFAA9 /* Resources */,
			);
			buildRules = (
			);
			dependencies = (
			);
			name = BoilerPlate;
			productName = BoilerPlate;
			productReference = C4762E7F20A4BFB000EEFAA9 /* BoilerPlate.app */;
			productType = "com.apple.product-type.application";
		};
		C4762E9520A4BFB000EEFAA9 /* BoilerPlateTests */ = {
			isa = PBXNativeTarget;
			buildConfigurationList = C4762EAD20A4BFB000EEFAA9 /* Build configuration list for PBXNativeTarget "BoilerPlateTests" */;
			buildPhases = (
				C4762E9220A4BFB000EEFAA9 /* Sources */,
				C4762E9320A4BFB000EEFAA9 /* Frameworks */,
				C4762E9420A4BFB000EEFAA9 /* Resources */,
			);
			buildRules = (
			);
			dependencies = (
				C4762E9820A4BFB000EEFAA9 /* PBXTargetDependency */,
			);
			name = BoilerPlateTests;
			productName = BoilerPlateTests;
			productReference = C4762E9620A4BFB000EEFAA9 /* BoilerPlateTests.xctest */;
			productType = "com.apple.product-type.bundle.unit-test";
		};
		C4762EA020A4BFB000EEFAA9 /* BoilerPlateUITests */ = {
			isa = PBXNativeTarget;
			buildConfigurationList = C4762EB020A4BFB000EEFAA9 /* Build configuration list for PBXNativeTarget "BoilerPlateUITests" */;
			buildPhases = (
				C4762E9D20A4BFB000EEFAA9 /* Sources */,
				C4762E9E20A4BFB000EEFAA9 /* Frameworks */,
				C4762E9F20A4BFB000EEFAA9 /* Resources */,
			);
			buildRules = (
			);
			dependencies = (
				C4762EA320A4BFB000EEFAA9 /* PBXTargetDependency */,
			);
			name = BoilerPlateUITests;
			productName = BoilerPlateUITests;
			productReference = C4762EA120A4BFB000EEFAA9 /* BoilerPlateUITests.xctest */;
			productType = "com.apple.product-type.bundle.ui-testing";
		};
/* End PBXNativeTarget section */

/* Begin PBXProject section */
		C4762E7720A4BFB000EEFAA9 /* Project object */ = {
			isa = PBXProject;
			attributes = {
				LastSwiftUpdateCheck = 0920;
				LastUpgradeCheck = 0920;
				ORGANIZATIONNAME = "Raul Marques de Oliveira";
				TargetAttributes = {
					C4762E7E20A4BFB000EEFAA9 = {
						CreatedOnToolsVersion = 9.2;
						ProvisioningStyle = Automatic;
					};
					C4762E9520A4BFB000EEFAA9 = {
						CreatedOnToolsVersion = 9.2;
						ProvisioningStyle = Automatic;
						TestTargetID = C4762E7E20A4BFB000EEFAA9;
					};
					C4762EA020A4BFB000EEFAA9 = {
						CreatedOnToolsVersion = 9.2;
						ProvisioningStyle = Automatic;
						TestTargetID = C4762E7E20A4BFB000EEFAA9;
					};
				};
			};
			buildConfigurationList = C4762E7A20A4BFB000EEFAA9 /* Build configuration list for PBXProject "BoilerPlate" */;
			compatibilityVersion = "Xcode 8.0";
			developmentRegion = en;
			hasScannedForEncodings = 0;
			knownRegions = (
				en,
				Base,
			);
			mainGroup = C4762E7620A4BFB000EEFAA9;
			productRefGroup = C4762E8020A4BFB000EEFAA9 /* Products */;
			projectDirPath = "";
			projectRoot = "";
			targets = (
				C4762E7E20A4BFB000EEFAA9 /* BoilerPlate */,
				C4762E9520A4BFB000EEFAA9 /* BoilerPlateTests */,
				C4762EA020A4BFB000EEFAA9 /* BoilerPlateUITests */,
			);
		};
/* End PBXProject section */

/* Begin PBXResourcesBuildPhase section */
		C4762E7D20A4BFB000EEFAA9 /* Resources */ = {
			isa = PBXResourcesBuildPhase;
			buildActionMask = 2147483647;
			files = (
				C4762E9020A4BFB000EEFAA9 /* LaunchScreen.storyboard in Resources */,
				C4762E8D20A4BFB000EEFAA9 /* Assets.xcassets in Resources */,
				C4762EDA20A4C9FF00EEFAA9 /* TableViewCell.xib in Resources */,
				C4762E8820A4BFB000EEFAA9 /* Main.storyboard in Resources */,
			);
			runOnlyForDeploymentPostprocessing = 0;
		};
		C4762E9420A4BFB000EEFAA9 /* Resources */ = {
			isa = PBXResourcesBuildPhase;
			buildActionMask = 2147483647;
			files = (
			);
			runOnlyForDeploymentPostprocessing = 0;
		};
		C4762E9F20A4BFB000EEFAA9 /* Resources */ = {
			isa = PBXResourcesBuildPhase;
			buildActionMask = 2147483647;
			files = (
			);
			runOnlyForDeploymentPostprocessing = 0;
		};
/* End PBXResourcesBuildPhase section */

/* Begin PBXSourcesBuildPhase section */
		C4762E7B20A4BFB000EEFAA9 /* Sources */ = {
			isa = PBXSourcesBuildPhase;
			buildActionMask = 2147483647;
			files = (
				C4762EC120A4C22E00EEFAA9 /* NibLoadableView+Ext.swift in Sources */,
				C4762EDF20A4CCF500EEFAA9 /* BaseViewController.swift in Sources */,
				C4762EC720A4C46100EEFAA9 /* UITableViewCell+Ext.swift in Sources */,
				C4762ED120A4C76F00EEFAA9 /* UICollectionViewCell+Ext.swift in Sources */,
				C4762EDC20A4CA3200EEFAA9 /* TableViewCell.swift in Sources */,
				C4762EC320A4C2AF00EEFAA9 /* ReusableViewProtocols.swift in Sources */,
				C4762ED320A4C77400EEFAA9 /* UICollectionView+Ext.swift in Sources */,
				C4762EBD20A4C07900EEFAA9 /* Storyboards.swift in Sources */,
				C4762EC520A4C40F00EEFAA9 /* ReusableView+Ext.swift in Sources */,
				C4762E8520A4BFB000EEFAA9 /* ViewController.swift in Sources */,
				C4762ECD20A4C76100EEFAA9 /* UIView+Ext.swift in Sources */,
				C4762ECF20A4C76800EEFAA9 /* CALayer+Ext.swift in Sources */,
				C4762EBF20A4C0BF00EEFAA9 /* UIViewController+Ext.swift in Sources */,
				C4762EC920A4C6FF00EEFAA9 /* UITableView+Ext.swift in Sources */,
				C4762ECB20A4C74600EEFAA9 /* UIColor+Ext.swift in Sources */,
				C4762ED520A4C78400EEFAA9 /* UIDevice+Ext.swift in Sources */,
				C4762ED720A4C92400EEFAA9 /* ExampleTableViewController.swift in Sources */,
				C4762EE120A4CD7000EEFAA9 /* TextFieldScrollableViewController.swift in Sources */,
				C4762E8320A4BFB000EEFAA9 /* AppDelegate.swift in Sources */,
				C4762E8B20A4BFB000EEFAA9 /* BoilerPlate.xcdatamodeld in Sources */,
			);
			runOnlyForDeploymentPostprocessing = 0;
		};
		C4762E9220A4BFB000EEFAA9 /* Sources */ = {
			isa = PBXSourcesBuildPhase;
			buildActionMask = 2147483647;
			files = (
				C4762E9B20A4BFB000EEFAA9 /* BoilerPlateTests.swift in Sources */,
			);
			runOnlyForDeploymentPostprocessing = 0;
		};
		C4762E9D20A4BFB000EEFAA9 /* Sources */ = {
			isa = PBXSourcesBuildPhase;
			buildActionMask = 2147483647;
			files = (
				C4762EA620A4BFB000EEFAA9 /* BoilerPlateUITests.swift in Sources */,
			);
			runOnlyForDeploymentPostprocessing = 0;
		};
/* End PBXSourcesBuildPhase section */

/* Begin PBXTargetDependency section */
		C4762E9820A4BFB000EEFAA9 /* PBXTargetDependency */ = {
			isa = PBXTargetDependency;
			target = C4762E7E20A4BFB000EEFAA9 /* BoilerPlate */;
			targetProxy = C4762E9720A4BFB000EEFAA9 /* PBXContainerItemProxy */;
		};
		C4762EA320A4BFB000EEFAA9 /* PBXTargetDependency */ = {
			isa = PBXTargetDependency;
			target = C4762E7E20A4BFB000EEFAA9 /* BoilerPlate */;
			targetProxy = C4762EA220A4BFB000EEFAA9 /* PBXContainerItemProxy */;
		};
/* End PBXTargetDependency section */

/* Begin PBXVariantGroup section */
		C4762E8620A4BFB000EEFAA9 /* Main.storyboard */ = {
			isa = PBXVariantGroup;
			children = (
				C4762E8720A4BFB000EEFAA9 /* Base */,
			);
			name = Main.storyboard;
			sourceTree = "<group>";
		};
		C4762E8E20A4BFB000EEFAA9 /* LaunchScreen.storyboard */ = {
			isa = PBXVariantGroup;
			children = (
				C4762E8F20A4BFB000EEFAA9 /* Base */,
			);
			name = LaunchScreen.storyboard;
			sourceTree = "<group>";
		};
/* End PBXVariantGroup section */

/* Begin XCBuildConfiguration section */
		C4762EA820A4BFB000EEFAA9 /* Debug */ = {
			isa = XCBuildConfiguration;
			buildSettings = {
				ALWAYS_SEARCH_USER_PATHS = NO;
				CLANG_ANALYZER_NONNULL = YES;
				CLANG_ANALYZER_NUMBER_OBJECT_CONVERSION = YES_AGGRESSIVE;
				CLANG_CXX_LANGUAGE_STANDARD = "gnu++14";
				CLANG_CXX_LIBRARY = "libc++";
				CLANG_ENABLE_MODULES = YES;
				CLANG_ENABLE_OBJC_ARC = YES;
				CLANG_WARN_BLOCK_CAPTURE_AUTORELEASING = YES;
				CLANG_WARN_BOOL_CONVERSION = YES;
				CLANG_WARN_COMMA = YES;
				CLANG_WARN_CONSTANT_CONVERSION = YES;
				CLANG_WARN_DIRECT_OBJC_ISA_USAGE = YES_ERROR;
				CLANG_WARN_DOCUMENTATION_COMMENTS = YES;
				CLANG_WARN_EMPTY_BODY = YES;
				CLANG_WARN_ENUM_CONVERSION = YES;
				CLANG_WARN_INFINITE_RECURSION = YES;
				CLANG_WARN_INT_CONVERSION = YES;
				CLANG_WARN_NON_LITERAL_NULL_CONVERSION = YES;
				CLANG_WARN_OBJC_LITERAL_CONVERSION = YES;
				CLANG_WARN_OBJC_ROOT_CLASS = YES_ERROR;
				CLANG_WARN_RANGE_LOOP_ANALYSIS = YES;
				CLANG_WARN_STRICT_PROTOTYPES = YES;
				CLANG_WARN_SUSPICIOUS_MOVE = YES;
				CLANG_WARN_UNGUARDED_AVAILABILITY = YES_AGGRESSIVE;
				CLANG_WARN_UNREACHABLE_CODE = YES;
				CLANG_WARN__DUPLICATE_METHOD_MATCH = YES;
				CODE_SIGN_IDENTITY = "iPhone Developer";
				COPY_PHASE_STRIP = NO;
				DEBUG_INFORMATION_FORMAT = dwarf;
				ENABLE_STRICT_OBJC_MSGSEND = YES;
				ENABLE_TESTABILITY = YES;
				GCC_C_LANGUAGE_STANDARD = gnu11;
				GCC_DYNAMIC_NO_PIC = NO;
				GCC_NO_COMMON_BLOCKS = YES;
				GCC_OPTIMIZATION_LEVEL = 0;
				GCC_PREPROCESSOR_DEFINITIONS = (
					"DEBUG=1",
					"$(inherited)",
				);
				GCC_WARN_64_TO_32_BIT_CONVERSION = YES;
				GCC_WARN_ABOUT_RETURN_TYPE = YES_ERROR;
				GCC_WARN_UNDECLARED_SELECTOR = YES;
				GCC_WARN_UNINITIALIZED_AUTOS = YES_AGGRESSIVE;
				GCC_WARN_UNUSED_FUNCTION = YES;
				GCC_WARN_UNUSED_VARIABLE = YES;
				IPHONEOS_DEPLOYMENT_TARGET = 11.2;
				MTL_ENABLE_DEBUG_INFO = YES;
				ONLY_ACTIVE_ARCH = YES;
				SDKROOT = iphoneos;
				SWIFT_ACTIVE_COMPILATION_CONDITIONS = DEBUG;
				SWIFT_OPTIMIZATION_LEVEL = "-Onone";
			};
			name = Debug;
		};
		C4762EA920A4BFB000EEFAA9 /* Release */ = {
			isa = XCBuildConfiguration;
			buildSettings = {
				ALWAYS_SEARCH_USER_PATHS = NO;
				CLANG_ANALYZER_NONNULL = YES;
				CLANG_ANALYZER_NUMBER_OBJECT_CONVERSION = YES_AGGRESSIVE;
				CLANG_CXX_LANGUAGE_STANDARD = "gnu++14";
				CLANG_CXX_LIBRARY = "libc++";
				CLANG_ENABLE_MODULES = YES;
				CLANG_ENABLE_OBJC_ARC = YES;
				CLANG_WARN_BLOCK_CAPTURE_AUTORELEASING = YES;
				CLANG_WARN_BOOL_CONVERSION = YES;
				CLANG_WARN_COMMA = YES;
				CLANG_WARN_CONSTANT_CONVERSION = YES;
				CLANG_WARN_DIRECT_OBJC_ISA_USAGE = YES_ERROR;
				CLANG_WARN_DOCUMENTATION_COMMENTS = YES;
				CLANG_WARN_EMPTY_BODY = YES;
				CLANG_WARN_ENUM_CONVERSION = YES;
				CLANG_WARN_INFINITE_RECURSION = YES;
				CLANG_WARN_INT_CONVERSION = YES;
				CLANG_WARN_NON_LITERAL_NULL_CONVERSION = YES;
				CLANG_WARN_OBJC_LITERAL_CONVERSION = YES;
				CLANG_WARN_OBJC_ROOT_CLASS = YES_ERROR;
				CLANG_WARN_RANGE_LOOP_ANALYSIS = YES;
				CLANG_WARN_STRICT_PROTOTYPES = YES;
				CLANG_WARN_SUSPICIOUS_MOVE = YES;
				CLANG_WARN_UNGUARDED_AVAILABILITY = YES_AGGRESSIVE;
				CLANG_WARN_UNREACHABLE_CODE = YES;
				CLANG_WARN__DUPLICATE_METHOD_MATCH = YES;
				CODE_SIGN_IDENTITY = "iPhone Developer";
				COPY_PHASE_STRIP = NO;
				DEBUG_INFORMATION_FORMAT = "dwarf-with-dsym";
				ENABLE_NS_ASSERTIONS = NO;
				ENABLE_STRICT_OBJC_MSGSEND = YES;
				GCC_C_LANGUAGE_STANDARD = gnu11;
				GCC_NO_COMMON_BLOCKS = YES;
				GCC_WARN_64_TO_32_BIT_CONVERSION = YES;
				GCC_WARN_ABOUT_RETURN_TYPE = YES_ERROR;
				GCC_WARN_UNDECLARED_SELECTOR = YES;
				GCC_WARN_UNINITIALIZED_AUTOS = YES_AGGRESSIVE;
				GCC_WARN_UNUSED_FUNCTION = YES;
				GCC_WARN_UNUSED_VARIABLE = YES;
				IPHONEOS_DEPLOYMENT_TARGET = 11.2;
				MTL_ENABLE_DEBUG_INFO = NO;
				SDKROOT = iphoneos;
				SWIFT_OPTIMIZATION_LEVEL = "-Owholemodule";
				VALIDATE_PRODUCT = YES;
			};
			name = Release;
		};
		C4762EAB20A4BFB000EEFAA9 /* Debug */ = {
			isa = XCBuildConfiguration;
			buildSettings = {
				ASSETCATALOG_COMPILER_APPICON_NAME = AppIcon;
				CODE_SIGN_STYLE = Automatic;
				DEVELOPMENT_TEAM = GU7GC8K67U;
				INFOPLIST_FILE = BoilerPlate/Info.plist;
				LD_RUNPATH_SEARCH_PATHS = "$(inherited) @executable_path/Frameworks";
				PRODUCT_BUNDLE_IDENTIFIER = Bepid.BoilerPlate;
				PRODUCT_NAME = "$(TARGET_NAME)";
				SWIFT_VERSION = 4.0;
				TARGETED_DEVICE_FAMILY = "1,2";
			};
			name = Debug;
		};
		C4762EAC20A4BFB000EEFAA9 /* Release */ = {
			isa = XCBuildConfiguration;
			buildSettings = {
				ASSETCATALOG_COMPILER_APPICON_NAME = AppIcon;
				CODE_SIGN_STYLE = Automatic;
				DEVELOPMENT_TEAM = GU7GC8K67U;
				INFOPLIST_FILE = BoilerPlate/Info.plist;
				LD_RUNPATH_SEARCH_PATHS = "$(inherited) @executable_path/Frameworks";
				PRODUCT_BUNDLE_IDENTIFIER = Bepid.BoilerPlate;
				PRODUCT_NAME = "$(TARGET_NAME)";
				SWIFT_VERSION = 4.0;
				TARGETED_DEVICE_FAMILY = "1,2";
			};
			name = Release;
		};
		C4762EAE20A4BFB000EEFAA9 /* Debug */ = {
			isa = XCBuildConfiguration;
			buildSettings = {
				ALWAYS_EMBED_SWIFT_STANDARD_LIBRARIES = YES;
				BUNDLE_LOADER = "$(TEST_HOST)";
				CODE_SIGN_STYLE = Automatic;
				DEVELOPMENT_TEAM = GU7GC8K67U;
				INFOPLIST_FILE = BoilerPlateTests/Info.plist;
				LD_RUNPATH_SEARCH_PATHS = "$(inherited) @executable_path/Frameworks @loader_path/Frameworks";
				PRODUCT_BUNDLE_IDENTIFIER = Bepid.BoilerPlateTests;
				PRODUCT_NAME = "$(TARGET_NAME)";
				SWIFT_VERSION = 4.0;
				TARGETED_DEVICE_FAMILY = "1,2";
				TEST_HOST = "$(BUILT_PRODUCTS_DIR)/BoilerPlate.app/BoilerPlate";
			};
			name = Debug;
		};
		C4762EAF20A4BFB000EEFAA9 /* Release */ = {
			isa = XCBuildConfiguration;
			buildSettings = {
				ALWAYS_EMBED_SWIFT_STANDARD_LIBRARIES = YES;
				BUNDLE_LOADER = "$(TEST_HOST)";
				CODE_SIGN_STYLE = Automatic;
				DEVELOPMENT_TEAM = GU7GC8K67U;
				INFOPLIST_FILE = BoilerPlateTests/Info.plist;
				LD_RUNPATH_SEARCH_PATHS = "$(inherited) @executable_path/Frameworks @loader_path/Frameworks";
				PRODUCT_BUNDLE_IDENTIFIER = Bepid.BoilerPlateTests;
				PRODUCT_NAME = "$(TARGET_NAME)";
				SWIFT_VERSION = 4.0;
				TARGETED_DEVICE_FAMILY = "1,2";
				TEST_HOST = "$(BUILT_PRODUCTS_DIR)/BoilerPlate.app/BoilerPlate";
			};
			name = Release;
		};
		C4762EB120A4BFB000EEFAA9 /* Debug */ = {
			isa = XCBuildConfiguration;
			buildSettings = {
				ALWAYS_EMBED_SWIFT_STANDARD_LIBRARIES = YES;
				CODE_SIGN_STYLE = Automatic;
				DEVELOPMENT_TEAM = GU7GC8K67U;
				INFOPLIST_FILE = BoilerPlateUITests/Info.plist;
				LD_RUNPATH_SEARCH_PATHS = "$(inherited) @executable_path/Frameworks @loader_path/Frameworks";
				PRODUCT_BUNDLE_IDENTIFIER = Bepid.BoilerPlateUITests;
				PRODUCT_NAME = "$(TARGET_NAME)";
				SWIFT_VERSION = 4.0;
				TARGETED_DEVICE_FAMILY = "1,2";
				TEST_TARGET_NAME = BoilerPlate;
			};
			name = Debug;
		};
		C4762EB220A4BFB000EEFAA9 /* Release */ = {
			isa = XCBuildConfiguration;
			buildSettings = {
				ALWAYS_EMBED_SWIFT_STANDARD_LIBRARIES = YES;
				CODE_SIGN_STYLE = Automatic;
				DEVELOPMENT_TEAM = GU7GC8K67U;
				INFOPLIST_FILE = BoilerPlateUITests/Info.plist;
				LD_RUNPATH_SEARCH_PATHS = "$(inherited) @executable_path/Frameworks @loader_path/Frameworks";
				PRODUCT_BUNDLE_IDENTIFIER = Bepid.BoilerPlateUITests;
				PRODUCT_NAME = "$(TARGET_NAME)";
				SWIFT_VERSION = 4.0;
				TARGETED_DEVICE_FAMILY = "1,2";
				TEST_TARGET_NAME = BoilerPlate;
			};
			name = Release;
		};
/* End XCBuildConfiguration section */

/* Begin XCConfigurationList section */
		C4762E7A20A4BFB000EEFAA9 /* Build configuration list for PBXProject "BoilerPlate" */ = {
			isa = XCConfigurationList;
			buildConfigurations = (
				C4762EA820A4BFB000EEFAA9 /* Debug */,
				C4762EA920A4BFB000EEFAA9 /* Release */,
			);
			defaultConfigurationIsVisible = 0;
			defaultConfigurationName = Release;
		};
		C4762EAA20A4BFB000EEFAA9 /* Build configuration list for PBXNativeTarget "BoilerPlate" */ = {
			isa = XCConfigurationList;
			buildConfigurations = (
				C4762EAB20A4BFB000EEFAA9 /* Debug */,
				C4762EAC20A4BFB000EEFAA9 /* Release */,
			);
			defaultConfigurationIsVisible = 0;
			defaultConfigurationName = Release;
		};
		C4762EAD20A4BFB000EEFAA9 /* Build configuration list for PBXNativeTarget "BoilerPlateTests" */ = {
			isa = XCConfigurationList;
			buildConfigurations = (
				C4762EAE20A4BFB000EEFAA9 /* Debug */,
				C4762EAF20A4BFB000EEFAA9 /* Release */,
			);
			defaultConfigurationIsVisible = 0;
			defaultConfigurationName = Release;
		};
		C4762EB020A4BFB000EEFAA9 /* Build configuration list for PBXNativeTarget "BoilerPlateUITests" */ = {
			isa = XCConfigurationList;
			buildConfigurations = (
				C4762EB120A4BFB000EEFAA9 /* Debug */,
				C4762EB220A4BFB000EEFAA9 /* Release */,
			);
			defaultConfigurationIsVisible = 0;
			defaultConfigurationName = Release;
		};
/* End XCConfigurationList section */

/* Begin XCVersionGroup section */
		C4762E8920A4BFB000EEFAA9 /* BoilerPlate.xcdatamodeld */ = {
			isa = XCVersionGroup;
			children = (
				C4762E8A20A4BFB000EEFAA9 /* BoilerPlate.xcdatamodel */,
			);
			currentVersion = C4762E8A20A4BFB000EEFAA9 /* BoilerPlate.xcdatamodel */;
			path = BoilerPlate.xcdatamodeld;
			sourceTree = "<group>";
			versionGroupType = wrapper.xcdatamodel;
		};
/* End XCVersionGroup section */
	};
	rootObject = C4762E7720A4BFB000EEFAA9 /* Project object */;
}
